
Microsoft Visual Studio Solution File, Format Version 12.00
# Visual Studio 2013
VisualStudioVersion = 12.0.40629.0
MinimumVisualStudioVersion = 10.0.40219.1
Project("{FAE04EC0-301F-11D3-BF4B-00C04F79EFBC}") = "QLSV", "QLSV\QLSV.csproj", "{8C7B35A0-D69A-4450-AA06-8142D622B8C4}"
EndProject
Project("{FAE04EC0-301F-11D3-BF4B-00C04F79EFBC}") = "DTO", "DTO\DTO.csproj", "{5AB74FD8-30A8-4B33-9DEC-514870ED7871}"
EndProject
Project("{FAE04EC0-301F-11D3-BF4B-00C04F79EFBC}") = "APP", "APP\APP.csproj", "{FCD67CAE-67EF-491E-8721-D423D94F3FE9}"
EndProject
Project("{FAE04EC0-301F-11D3-BF4B-00C04F79EFBC}") = "DAO", "DAO\DAO.csproj", "{CF349840-DDCA-4AD2-A367-9D06AD5CDE20}"
EndProject
Project("{FAE04EC0-301F-11D3-BF4B-00C04F79EFBC}") = "BUS", "BUS\BUS.csproj", "{FC440A96-9675-438E-9378-43F7CD8E37C1}"
EndProject
Project("{FAE04EC0-301F-11D3-BF4B-00C04F79EFBC}") = "MonHocDTO", "MonHocDTO\MonHocDTO.csproj", "{7CAE23B8-5B3F-4E5F-93AE-12D22A5A8C59}"
EndProject
Project("{FAE04EC0-301F-11D3-BF4B-00C04F79EFBC}") = "MonHocDAO", "MonHocDAO\MonHocDAO.csproj", "{77DA2755-252D-44FB-8B1D-93AFC1DCFEB5}"
EndProject
Project("{FAE04EC0-301F-11D3-BF4B-00C04F79EFBC}") = "MonHocBUS", "MonHocBUS\MonHocBUS.csproj", "{9ECCC22A-5DA5-4694-A41B-36C3CAD289E3}"
EndProject
Project("{FAE04EC0-301F-11D3-BF4B-00C04F79EFBC}") = "KhoaDTO", "KhoaDTO\KhoaDTO.csproj", "{D7D5A62E-6C81-4863-9E80-8EA200320EF4}"
EndProject
Project("{FAE04EC0-301F-11D3-BF4B-00C04F79EFBC}") = "KhoaDAO", "KhoaDAO\KhoaDAO.csproj", "{18453787-8611-4937-B571-CBC1822B38A2}"
EndProject
Project("{FAE04EC0-301F-11D3-BF4B-00C04F79EFBC}") = "KhoaBUS", "KhoaBUS\KhoaBUS.csproj", "{9A6D4DF2-2C73-4CE8-A073-8D6D4C49E7E0}"
EndProject
Global
	GlobalSection(SolutionConfigurationPlatforms) = preSolution
		Debug|Any CPU = Debug|Any CPU
		Release|Any CPU = Release|Any CPU
	EndGlobalSection
	GlobalSection(ProjectConfigurationPlatforms) = postSolution
		{8C7B35A0-D69A-4450-AA06-8142D622B8C4}.Debug|Any CPU.ActiveCfg = Debug|Any CPU
		{8C7B35A0-D69A-4450-AA06-8142D622B8C4}.Debug|Any CPU.Build.0 = Debug|Any CPU
		{8C7B35A0-D69A-4450-AA06-8142D622B8C4}.Release|Any CPU.ActiveCfg = Release|Any CPU
		{8C7B35A0-D69A-4450-AA06-8142D622B8C4}.Release|Any CPU.Build.0 = Release|Any CPU
		{5AB74FD8-30A8-4B33-9DEC-514870ED7871}.Debug|Any CPU.ActiveCfg = Debug|Any CPU
		{5AB74FD8-30A8-4B33-9DEC-514870ED7871}.Debug|Any CPU.Build.0 = Debug|Any CPU
		{5AB74FD8-30A8-4B33-9DEC-514870ED7871}.Release|Any CPU.ActiveCfg = Release|Any CPU
		{5AB74FD8-30A8-4B33-9DEC-514870ED7871}.Release|Any CPU.Build.0 = Release|Any CPU
		{FCD67CAE-67EF-491E-8721-D423D94F3FE9}.Debug|Any CPU.ActiveCfg = Debug|Any CPU
		{FCD67CAE-67EF-491E-8721-D423D94F3FE9}.Debug|Any CPU.Build.0 = Debug|Any CPU
		{FCD67CAE-67EF-491E-8721-D423D94F3FE9}.Release|Any CPU.ActiveCfg = Release|Any CPU
		{FCD67CAE-67EF-491E-8721-D423D94F3FE9}.Release|Any CPU.Build.0 = Release|Any CPU
		{CF349840-DDCA-4AD2-A367-9D06AD5CDE20}.Debug|Any CPU.ActiveCfg = Debug|Any CPU
		{CF349840-DDCA-4AD2-A367-9D06AD5CDE20}.Debug|Any CPU.Build.0 = Debug|Any CPU
		{CF349840-DDCA-4AD2-A367-9D06AD5CDE20}.Release|Any CPU.ActiveCfg = Release|Any CPU
		{CF349840-DDCA-4AD2-A367-9D06AD5CDE20}.Release|Any CPU.Build.0 = Release|Any CPU
		{FC440A96-9675-438E-9378-43F7CD8E37C1}.Debug|Any CPU.ActiveCfg = Debug|Any CPU
		{FC440A96-9675-438E-9378-43F7CD8E37C1}.Debug|Any CPU.Build.0 = Debug|Any CPU
		{FC440A96-9675-438E-9378-43F7CD8E37C1}.Release|Any CPU.ActiveCfg = Release|Any CPU
		{FC440A96-9675-438E-9378-43F7CD8E37C1}.Release|Any CPU.Build.0 = Release|Any CPU
		{7CAE23B8-5B3F-4E5F-93AE-12D22A5A8C59}.Debug|Any CPU.ActiveCfg = Debug|Any CPU
		{7CAE23B8-5B3F-4E5F-93AE-12D22A5A8C59}.Debug|Any CPU.Build.0 = Debug|Any CPU
		{7CAE23B8-5B3F-4E5F-93AE-12D22A5A8C59}.Release|Any CPU.ActiveCfg = Release|Any CPU
		{7CAE23B8-5B3F-4E5F-93AE-12D22A5A8C59}.Release|Any CPU.Build.0 = Release|Any CPU
		{77DA2755-252D-44FB-8B1D-93AFC1DCFEB5}.Debug|Any CPU.ActiveCfg = Debug|Any CPU
		{77DA2755-252D-44FB-8B1D-93AFC1DCFEB5}.Debug|Any CPU.Build.0 = Debug|Any CPU
		{77DA2755-252D-44FB-8B1D-93AFC1DCFEB5}.Release|Any CPU.ActiveCfg = Release|Any CPU
		{77DA2755-252D-44FB-8B1D-93AFC1DCFEB5}.Release|Any CPU.Build.0 = Release|Any CPU
		{9ECCC22A-5DA5-4694-A41B-36C3CAD289E3}.Debug|Any CPU.ActiveCfg = Debug|Any CPU
		{9ECCC22A-5DA5-4694-A41B-36C3CAD289E3}.Debug|Any CPU.Build.0 = Debug|Any CPU
		{9ECCC22A-5DA5-4694-A41B-36C3CAD289E3}.Release|Any CPU.ActiveCfg = Release|Any CPU
		{9ECCC22A-5DA5-4694-A41B-36C3CAD289E3}.Release|Any CPU.Build.0 = Release|Any CPU
		{D7D5A62E-6C81-4863-9E80-8EA200320EF4}.Debug|Any CPU.ActiveCfg = Debug|Any CPU
		{D7D5A62E-6C81-4863-9E80-8EA200320EF4}.Debug|Any CPU.Build.0 = Debug|Any CPU
		{D7D5A62E-6C81-4863-9E80-8EA200320EF4}.Release|Any CPU.ActiveCfg = Release|Any CPU
		{D7D5A62E-6C81-4863-9E80-8EA200320EF4}.Release|Any CPU.Build.0 = Release|Any CPU
		{18453787-8611-4937-B571-CBC1822B38A2}.Debug|Any CPU.ActiveCfg = Debug|Any CPU
		{18453787-8611-4937-B571-CBC1822B38A2}.Debug|Any CPU.Build.0 = Debug|Any CPU
		{18453787-8611-4937-B571-CBC1822B38A2}.Release|Any CPU.ActiveCfg = Release|Any CPU
		{18453787-8611-4937-B571-CBC1822B38A2}.Release|Any CPU.Build.0 = Release|Any CPU
		{9A6D4DF2-2C73-4CE8-A073-8D6D4C49E7E0}.Debug|Any CPU.ActiveCfg = Debug|Any CPU
		{9A6D4DF2-2C73-4CE8-A073-8D6D4C49E7E0}.Debug|Any CPU.Build.0 = Debug|Any CPU
		{9A6D4DF2-2C73-4CE8-A073-8D6D4C49E7E0}.Release|Any CPU.ActiveCfg = Release|Any CPU
		{9A6D4DF2-2C73-4CE8-A073-8D6D4C49E7E0}.Release|Any CPU.Build.0 = Release|Any CPU
	EndGlobalSection
	GlobalSection(SolutionProperties) = preSolution
		HideSolutionNode = FALSE
	EndGlobalSection
EndGlobal
